
Microsoft Visual Studio Solution File, Format Version 12.00
# Visual Studio Version 17
VisualStudioVersion = 17.11.35327.3
MinimumVisualStudioVersion = 10.0.40219.1
Project("{FAE04EC0-301F-11D3-BF4B-00C04F79EFBC}") = "libre_hw_data_nframew", "libre_hw_data_nframew\libre_hw_data_nframew.csproj", "{4F636E6A-933F-41FF-AA56-B8D18E3DBB86}"
EndProject
Project("{2150E333-8FDC-42A3-9474-1A3956D46DE8}") = "솔루션 항목", "솔루션 항목", "{9E0DF0F7-EAAE-4EDC-96D5-FB38307BFFB4}"
EndProject
Global
	GlobalSection(SolutionConfigurationPlatforms) = preSolution
		Debug|Any CPU = Debug|Any CPU
		Release|Any CPU = Release|Any CPU
	EndGlobalSection
	GlobalSection(ProjectConfigurationPlatforms) = postSolution
		{4F636E6A-933F-41FF-AA56-B8D18E3DBB86}.Debug|Any CPU.ActiveCfg = Debug|Any CPU
		{4F636E6A-933F-41FF-AA56-B8D18E3DBB86}.Debug|Any CPU.Build.0 = Debug|Any CPU
		{4F636E6A-933F-41FF-AA56-B8D18E3DBB86}.Release|Any CPU.ActiveCfg = Release|Any CPU
		{4F636E6A-933F-41FF-AA56-B8D18E3DBB86}.Release|Any CPU.Build.0 = Release|Any CPU
	EndGlobalSection
	GlobalSection(SolutionProperties) = preSolution
		HideSolutionNode = FALSE
	EndGlobalSection
	GlobalSection(ExtensibilityGlobals) = postSolution
		SolutionGuid = {2B6ABA9F-B337-494A-8333-A3D24BCDD7AD}
	EndGlobalSection
EndGlobal
